
Microsoft Visual Studio Solution File, Format Version 12.00
# Visual Studio Version 17
VisualStudioVersion = 17.1.32210.238
MinimumVisualStudioVersion = 10.0.40219.1
Project("{9A19103F-16F7-4668-BE54-9A1E7A4F7556}") = "todo-ASP.NET-API", "todo-ASP.NET\todo-ASP.NET-API.csproj", "{8395EA59-5446-4EDC-9251-8F2C3550EE92}"
EndProject
Global
	GlobalSection(SolutionConfigurationPlatforms) = preSolution
		Debug|Any CPU = Debug|Any CPU
		Release|Any CPU = Release|Any CPU
	EndGlobalSection
	GlobalSection(ProjectConfigurationPlatforms) = postSolution
		{8395EA59-5446-4EDC-9251-8F2C3550EE92}.Debug|Any CPU.ActiveCfg = Debug|Any CPU
		{8395EA59-5446-4EDC-9251-8F2C3550EE92}.Debug|Any CPU.Build.0 = Debug|Any CPU
		{8395EA59-5446-4EDC-9251-8F2C3550EE92}.Release|Any CPU.ActiveCfg = Release|Any CPU
		{8395EA59-5446-4EDC-9251-8F2C3550EE92}.Release|Any CPU.Build.0 = Release|Any CPU
	EndGlobalSection
	GlobalSection(SolutionProperties) = preSolution
		HideSolutionNode = FALSE
	EndGlobalSection
	GlobalSection(ExtensibilityGlobals) = postSolution
		SolutionGuid = {3E676C2D-0106-46A8-BB64-96AF17A8DB62}
	EndGlobalSection
EndGlobal
